
Microsoft Visual Studio Solution File, Format Version 12.00
# Visual Studio 15
VisualStudioVersion = 15.0.28307.1525
MinimumVisualStudioVersion = 10.0.40219.1
Project("{E24C65DC-7377-472B-9ABA-BC803B73C61A}") = "CompanyOrderSystem", "CompanyOrderSystem\", "{2F2469F4-5FED-4C1A-8477-13A45828CAD8}"
	ProjectSection(WebsiteProperties) = preProject
		TargetFrameworkMoniker = ".NETFramework,Version%3Dv4.8"
		Debug.AspNetCompiler.VirtualPath = "/localhost_8918"
		Debug.AspNetCompiler.PhysicalPath = "CompanyOrderSystem\"
		Debug.AspNetCompiler.TargetPath = "PrecompiledWeb\localhost_8918\"
		Debug.AspNetCompiler.Updateable = "true"
		Debug.AspNetCompiler.ForceOverwrite = "true"
		Debug.AspNetCompiler.FixedNames = "false"
		Debug.AspNetCompiler.Debug = "True"
		Release.AspNetCompiler.VirtualPath = "/localhost_8918"
		Release.AspNetCompiler.PhysicalPath = "CompanyOrderSystem\"
		Release.AspNetCompiler.TargetPath = "PrecompiledWeb\localhost_8918\"
		Release.AspNetCompiler.Updateable = "true"
		Release.AspNetCompiler.ForceOverwrite = "true"
		Release.AspNetCompiler.FixedNames = "false"
		Release.AspNetCompiler.Debug = "False"
		VWDPort = "8918"
		SlnRelativePath = "CompanyOrderSystem\"
		DefaultWebSiteLanguage = "Visual C#"
	EndProjectSection
EndProject
Global
	GlobalSection(SolutionConfigurationPlatforms) = preSolution
		Debug|Any CPU = Debug|Any CPU
	EndGlobalSection
	GlobalSection(ProjectConfigurationPlatforms) = postSolution
		{2F2469F4-5FED-4C1A-8477-13A45828CAD8}.Debug|Any CPU.ActiveCfg = Debug|Any CPU
		{2F2469F4-5FED-4C1A-8477-13A45828CAD8}.Debug|Any CPU.Build.0 = Debug|Any CPU
	EndGlobalSection
	GlobalSection(SolutionProperties) = preSolution
		HideSolutionNode = FALSE
	EndGlobalSection
	GlobalSection(ExtensibilityGlobals) = postSolution
		SolutionGuid = {66D0689E-ED84-4ADC-A8CF-3A10C2574525}
	EndGlobalSection
EndGlobal
